
Microsoft Visual Studio Solution File, Format Version 12.00
# Visual Studio Version 16
VisualStudioVersion = 16.0.31321.278
MinimumVisualStudioVersion = 10.0.40219.1
Project("{2150E333-8FDC-42A3-9474-1A3956D46DE8}") = "src", "src", "{32579D4F-90A8-4BFF-84E1-6DD190783967}"
EndProject
Project("{2150E333-8FDC-42A3-9474-1A3956D46DE8}") = "Services", "Services", "{92484621-3A00-4E6A-8AC8-22B1835D507C}"
EndProject
Project("{2150E333-8FDC-42A3-9474-1A3956D46DE8}") = "Catalog", "Catalog", "{A2F6A9D5-7209-4B4B-BA9D-11A998C78834}"
EndProject
Project("{9A19103F-16F7-4668-BE54-9A1E7A4F7556}") = "Catalog.API", "src\Services\Catalog\Catalog.API\Catalog.API.csproj", "{01F62741-4440-492D-9B51-112EEEBB6C2D}"
EndProject
Project("{E53339B2-1760-4266-BCC7-CA923CBCF16C}") = "docker-compose", "docker-compose.dcproj", "{23DD13EE-E7A0-4660-9484-60CF0E203E6E}"
EndProject
Global
	GlobalSection(SolutionConfigurationPlatforms) = preSolution
		Debug|Any CPU = Debug|Any CPU
		Release|Any CPU = Release|Any CPU
	EndGlobalSection
	GlobalSection(ProjectConfigurationPlatforms) = postSolution
		{01F62741-4440-492D-9B51-112EEEBB6C2D}.Debug|Any CPU.ActiveCfg = Debug|Any CPU
		{01F62741-4440-492D-9B51-112EEEBB6C2D}.Debug|Any CPU.Build.0 = Debug|Any CPU
		{01F62741-4440-492D-9B51-112EEEBB6C2D}.Release|Any CPU.ActiveCfg = Release|Any CPU
		{01F62741-4440-492D-9B51-112EEEBB6C2D}.Release|Any CPU.Build.0 = Release|Any CPU
		{23DD13EE-E7A0-4660-9484-60CF0E203E6E}.Debug|Any CPU.ActiveCfg = Debug|Any CPU
		{23DD13EE-E7A0-4660-9484-60CF0E203E6E}.Debug|Any CPU.Build.0 = Debug|Any CPU
		{23DD13EE-E7A0-4660-9484-60CF0E203E6E}.Release|Any CPU.ActiveCfg = Release|Any CPU
		{23DD13EE-E7A0-4660-9484-60CF0E203E6E}.Release|Any CPU.Build.0 = Release|Any CPU
	EndGlobalSection
	GlobalSection(SolutionProperties) = preSolution
		HideSolutionNode = FALSE
	EndGlobalSection
	GlobalSection(NestedProjects) = preSolution
		{92484621-3A00-4E6A-8AC8-22B1835D507C} = {32579D4F-90A8-4BFF-84E1-6DD190783967}
		{A2F6A9D5-7209-4B4B-BA9D-11A998C78834} = {92484621-3A00-4E6A-8AC8-22B1835D507C}
		{01F62741-4440-492D-9B51-112EEEBB6C2D} = {A2F6A9D5-7209-4B4B-BA9D-11A998C78834}
	EndGlobalSection
	GlobalSection(ExtensibilityGlobals) = postSolution
		SolutionGuid = {59F9E273-1E69-43BA-BCA6-FE62CD62029D}
	EndGlobalSection
EndGlobal
